{
  "requires": true,
  "lockfileVersion": 1,
  "dependencies": {
    "distpicker": {
      "version": "2.0.7",
      "resolved": "https://registry.npmjs.org/distpicker/-/distpicker-2.0.7.tgz",
      "integrity": "sha512-moO4bkRW/VCYZdvurKfV2HJ4J1J5/c7O0aOVa6h476XRijV9/igJNC2x1orrp47kDIS/pphCCikNPzHax9++2Q=="
    }
  }
}
